
Microsoft Visual Studio Solution File, Format Version 12.00
# Visual Studio Version 16
VisualStudioVersion = 25.0.1706.4
MinimumVisualStudioVersion = 10.0.40219.1
Project("{FAE04EC0-301F-11D3-BF4B-00C04F79EFBC}") = "backend-dotnet-core", "backend-dotnet-core\backend-dotnet-core.csproj", "{E8C952A6-36BE-4659-A958-43AD4145E200}"
EndProject
Global
	GlobalSection(SolutionConfigurationPlatforms) = preSolution
		Debug|Any CPU = Debug|Any CPU
		Release|Any CPU = Release|Any CPU
	EndGlobalSection
	GlobalSection(ProjectConfigurationPlatforms) = postSolution
		{E8C952A6-36BE-4659-A958-43AD4145E200}.Debug|Any CPU.ActiveCfg = Debug|Any CPU
		{E8C952A6-36BE-4659-A958-43AD4145E200}.Debug|Any CPU.Build.0 = Debug|Any CPU
		{E8C952A6-36BE-4659-A958-43AD4145E200}.Release|Any CPU.ActiveCfg = Release|Any CPU
		{E8C952A6-36BE-4659-A958-43AD4145E200}.Release|Any CPU.Build.0 = Release|Any CPU
	EndGlobalSection
	GlobalSection(SolutionProperties) = preSolution
		HideSolutionNode = FALSE
	EndGlobalSection
	GlobalSection(ExtensibilityGlobals) = postSolution
		SolutionGuid = {7547270B-1BFF-495F-B686-BD9489EC3A03}
	EndGlobalSection
EndGlobal
